
Microsoft Visual Studio Solution File, Format Version 12.00
# Visual Studio Version 17
VisualStudioVersion = 17.10.35122.118
MinimumVisualStudioVersion = 10.0.40219.1
Project("{9A19103F-16F7-4668-BE54-9A1E7A4F7556}") = "API", "API\API.csproj", "{02F9CF09-9770-4B56-9DAD-17044A3075D2}"
EndProject
Project("{9A19103F-16F7-4668-BE54-9A1E7A4F7556}") = "Orchestrator", "Orchestrator\Orchestrator.csproj", "{7BFAE43C-D919-42C4-8D17-0657AC1E6A7D}"
EndProject
Project("{9A19103F-16F7-4668-BE54-9A1E7A4F7556}") = "Domain", "Domain\Domain.csproj", "{E5F699F2-19E8-421C-8B8D-F4FE7328A549}"
EndProject
Project("{9A19103F-16F7-4668-BE54-9A1E7A4F7556}") = "Application", "Application\Application.csproj", "{5C6DD9A3-67CA-43F2-8FD0-715AB4DA4E14}"
EndProject
Project("{9A19103F-16F7-4668-BE54-9A1E7A4F7556}") = "Infrastructure", "Infrastructure\Infrastructure.csproj", "{B60FC02D-8C49-4368-8F75-646B24040711}"
EndProject
Project("{9A19103F-16F7-4668-BE54-9A1E7A4F7556}") = "Contracts", "Contracts\Contracts.csproj", "{94944533-2042-40B3-80D2-99BECA36B6D7}"
EndProject
Project("{9A19103F-16F7-4668-BE54-9A1E7A4F7556}") = "Web", "Web\Web.csproj", "{BB422214-C118-475A-8E81-8B0C4A7190EE}"
EndProject
Project("{2150E333-8FDC-42A3-9474-1A3956D46DE8}") = "src", "src", "{2DC995E0-BF77-4135-A323-2E03BE1AE8CA}"
EndProject
Project("{2150E333-8FDC-42A3-9474-1A3956D46DE8}") = "tests", "tests", "{88E3F940-83AD-43DD-A657-18DAD00CF0B0}"
EndProject
Project("{9A19103F-16F7-4668-BE54-9A1E7A4F7556}") = "UnitTests", "UnitTests\UnitTests.csproj", "{F862FEFE-29F0-4979-A050-687C84F49BF4}"
EndProject
Project("{9A19103F-16F7-4668-BE54-9A1E7A4F7556}") = "IntegrationTests", "IntegrationTests\IntegrationTests.csproj", "{944ADAC9-206B-422C-B39B-36D37FD52164}"
EndProject
Project("{2150E333-8FDC-42A3-9474-1A3956D46DE8}") = ".github", ".github", "{B72CBE1C-D6DD-4846-9FAC-82412EA6B8B6}"
EndProject
Project("{2150E333-8FDC-42A3-9474-1A3956D46DE8}") = "workflows", "workflows", "{4E02BDDE-A731-48E9-BD5B-2C50A73AD412}"
	ProjectSection(SolutionItems) = preProject
		dotnet-ci.yml = dotnet-ci.yml
	EndProjectSection
EndProject
Global
	GlobalSection(SolutionConfigurationPlatforms) = preSolution
		Debug|Any CPU = Debug|Any CPU
		Release|Any CPU = Release|Any CPU
	EndGlobalSection
	GlobalSection(ProjectConfigurationPlatforms) = postSolution
		{02F9CF09-9770-4B56-9DAD-17044A3075D2}.Debug|Any CPU.ActiveCfg = Debug|Any CPU
		{02F9CF09-9770-4B56-9DAD-17044A3075D2}.Debug|Any CPU.Build.0 = Debug|Any CPU
		{02F9CF09-9770-4B56-9DAD-17044A3075D2}.Release|Any CPU.ActiveCfg = Release|Any CPU
		{02F9CF09-9770-4B56-9DAD-17044A3075D2}.Release|Any CPU.Build.0 = Release|Any CPU
		{7BFAE43C-D919-42C4-8D17-0657AC1E6A7D}.Debug|Any CPU.ActiveCfg = Debug|Any CPU
		{7BFAE43C-D919-42C4-8D17-0657AC1E6A7D}.Debug|Any CPU.Build.0 = Debug|Any CPU
		{7BFAE43C-D919-42C4-8D17-0657AC1E6A7D}.Release|Any CPU.ActiveCfg = Release|Any CPU
		{7BFAE43C-D919-42C4-8D17-0657AC1E6A7D}.Release|Any CPU.Build.0 = Release|Any CPU
		{E5F699F2-19E8-421C-8B8D-F4FE7328A549}.Debug|Any CPU.ActiveCfg = Debug|Any CPU
		{E5F699F2-19E8-421C-8B8D-F4FE7328A549}.Debug|Any CPU.Build.0 = Debug|Any CPU
		{E5F699F2-19E8-421C-8B8D-F4FE7328A549}.Release|Any CPU.ActiveCfg = Release|Any CPU
		{E5F699F2-19E8-421C-8B8D-F4FE7328A549}.Release|Any CPU.Build.0 = Release|Any CPU
		{5C6DD9A3-67CA-43F2-8FD0-715AB4DA4E14}.Debug|Any CPU.ActiveCfg = Debug|Any CPU
		{5C6DD9A3-67CA-43F2-8FD0-715AB4DA4E14}.Debug|Any CPU.Build.0 = Debug|Any CPU
		{5C6DD9A3-67CA-43F2-8FD0-715AB4DA4E14}.Release|Any CPU.ActiveCfg = Release|Any CPU
		{5C6DD9A3-67CA-43F2-8FD0-715AB4DA4E14}.Release|Any CPU.Build.0 = Release|Any CPU
		{B60FC02D-8C49-4368-8F75-646B24040711}.Debug|Any CPU.ActiveCfg = Debug|Any CPU
		{B60FC02D-8C49-4368-8F75-646B24040711}.Debug|Any CPU.Build.0 = Debug|Any CPU
		{B60FC02D-8C49-4368-8F75-646B24040711}.Release|Any CPU.ActiveCfg = Release|Any CPU
		{B60FC02D-8C49-4368-8F75-646B24040711}.Release|Any CPU.Build.0 = Release|Any CPU
		{94944533-2042-40B3-80D2-99BECA36B6D7}.Debug|Any CPU.ActiveCfg = Debug|Any CPU
		{94944533-2042-40B3-80D2-99BECA36B6D7}.Debug|Any CPU.Build.0 = Debug|Any CPU
		{94944533-2042-40B3-80D2-99BECA36B6D7}.Release|Any CPU.ActiveCfg = Release|Any CPU
		{94944533-2042-40B3-80D2-99BECA36B6D7}.Release|Any CPU.Build.0 = Release|Any CPU
		{BB422214-C118-475A-8E81-8B0C4A7190EE}.Debug|Any CPU.ActiveCfg = Debug|Any CPU
		{BB422214-C118-475A-8E81-8B0C4A7190EE}.Debug|Any CPU.Build.0 = Debug|Any CPU
		{BB422214-C118-475A-8E81-8B0C4A7190EE}.Release|Any CPU.ActiveCfg = Release|Any CPU
		{BB422214-C118-475A-8E81-8B0C4A7190EE}.Release|Any CPU.Build.0 = Release|Any CPU
		{F862FEFE-29F0-4979-A050-687C84F49BF4}.Debug|Any CPU.ActiveCfg = Debug|Any CPU
		{F862FEFE-29F0-4979-A050-687C84F49BF4}.Debug|Any CPU.Build.0 = Debug|Any CPU
		{F862FEFE-29F0-4979-A050-687C84F49BF4}.Release|Any CPU.ActiveCfg = Release|Any CPU
		{F862FEFE-29F0-4979-A050-687C84F49BF4}.Release|Any CPU.Build.0 = Release|Any CPU
		{944ADAC9-206B-422C-B39B-36D37FD52164}.Debug|Any CPU.ActiveCfg = Debug|Any CPU
		{944ADAC9-206B-422C-B39B-36D37FD52164}.Debug|Any CPU.Build.0 = Debug|Any CPU
		{944ADAC9-206B-422C-B39B-36D37FD52164}.Release|Any CPU.ActiveCfg = Release|Any CPU
		{944ADAC9-206B-422C-B39B-36D37FD52164}.Release|Any CPU.Build.0 = Release|Any CPU
	EndGlobalSection
	GlobalSection(SolutionProperties) = preSolution
		HideSolutionNode = FALSE
	EndGlobalSection
	GlobalSection(NestedProjects) = preSolution
		{02F9CF09-9770-4B56-9DAD-17044A3075D2} = {2DC995E0-BF77-4135-A323-2E03BE1AE8CA}
		{7BFAE43C-D919-42C4-8D17-0657AC1E6A7D} = {2DC995E0-BF77-4135-A323-2E03BE1AE8CA}
		{E5F699F2-19E8-421C-8B8D-F4FE7328A549} = {2DC995E0-BF77-4135-A323-2E03BE1AE8CA}
		{5C6DD9A3-67CA-43F2-8FD0-715AB4DA4E14} = {2DC995E0-BF77-4135-A323-2E03BE1AE8CA}
		{B60FC02D-8C49-4368-8F75-646B24040711} = {2DC995E0-BF77-4135-A323-2E03BE1AE8CA}
		{94944533-2042-40B3-80D2-99BECA36B6D7} = {2DC995E0-BF77-4135-A323-2E03BE1AE8CA}
		{BB422214-C118-475A-8E81-8B0C4A7190EE} = {2DC995E0-BF77-4135-A323-2E03BE1AE8CA}
		{F862FEFE-29F0-4979-A050-687C84F49BF4} = {88E3F940-83AD-43DD-A657-18DAD00CF0B0}
		{944ADAC9-206B-422C-B39B-36D37FD52164} = {88E3F940-83AD-43DD-A657-18DAD00CF0B0}
		{4E02BDDE-A731-48E9-BD5B-2C50A73AD412} = {B72CBE1C-D6DD-4846-9FAC-82412EA6B8B6}
	EndGlobalSection
	GlobalSection(ExtensibilityGlobals) = postSolution
		SolutionGuid = {18F3F888-9DE1-4ECF-9C6F-8F2EA0579BFD}
	EndGlobalSection
EndGlobal
